
Microsoft Visual Studio Solution File, Format Version 12.00
# Visual Studio Version 17
VisualStudioVersion = 17.5.33516.290
MinimumVisualStudioVersion = 10.0.40219.1
Project("{FAE04EC0-301F-11D3-BF4B-00C04F79EFBC}") = "Notetaking", "Notetaking\Notetaking.csproj", "{C5752A72-EF0B-416A-9529-5D55AF37014B}"
EndProject
Global
	GlobalSection(SolutionConfigurationPlatforms) = preSolution
		Debug|Any CPU = Debug|Any CPU
		Release|Any CPU = Release|Any CPU
	EndGlobalSection
	GlobalSection(ProjectConfigurationPlatforms) = postSolution
		{C5752A72-EF0B-416A-9529-5D55AF37014B}.Debug|Any CPU.ActiveCfg = Debug|Any CPU
		{C5752A72-EF0B-416A-9529-5D55AF37014B}.Debug|Any CPU.Build.0 = Debug|Any CPU
		{C5752A72-EF0B-416A-9529-5D55AF37014B}.Release|Any CPU.ActiveCfg = Release|Any CPU
		{C5752A72-EF0B-416A-9529-5D55AF37014B}.Release|Any CPU.Build.0 = Release|Any CPU
	EndGlobalSection
	GlobalSection(SolutionProperties) = preSolution
		HideSolutionNode = FALSE
	EndGlobalSection
	GlobalSection(ExtensibilityGlobals) = postSolution
		SolutionGuid = {B40A4CA4-7507-468A-BF2F-B6D3BC0A4772}
	EndGlobalSection
EndGlobal
